{
  "name": "n0zom1z0-blog",
  "version": "0.0.0",
  "lockfileVersion": 3,
  "requires": true,
  "packages": {
    "": {
      "name": "n0zom1z0-blog",
      "version": "0.0.0",
      "dependencies": {
        "gray-matter": "^2.1.1",
        "katex": "^0.16.46",
        "marked": "^4.3.0",
        "prismjs": "^1.30.0"
      }
    },
    "node_modules/ansi-red": {
      "version": "0.1.1",
      "resolved": "https://mirrors.cloud.tencent.com/npm/ansi-red/-/ansi-red-0.1.1.tgz",
      "integrity": "sha512-ewaIr5y+9CUTGFwZfpECUbFlGcC0GCw1oqR9RI6h1gQCd9Aj2GxSckCnPsVJnmfMZbwFYE+leZGASgkWl06Jow==",
      "license": "MIT",
      "dependencies": {
        "ansi-wrap": "0.1.0"
      },
      "engines": {
        "node": ">=0.10.0"
      }
    },
    "node_modules/ansi-wrap": {
      "version": "0.1.0",
      "resolved": "https://mirrors.cloud.tencent.com/npm/ansi-wrap/-/ansi-wrap-0.1.0.tgz",
      "integrity": "sha512-ZyznvL8k/FZeQHr2T6LzcJ/+vBApDnMNZvfVFy3At0knswWd6rJ3/0Hhmpu8oqa6C92npmozs890sX9Dl6q+Qw==",
      "license": "MIT",
      "engines": {
        "node": ">=0.10.0"
      }
    },
    "node_modules/coffee-script": {
      "version": "1.12.7",
      "resolved": "https://mirrors.cloud.tencent.com/npm/coffee-script/-/coffee-script-1.12.7.tgz",
      "integrity": "sha512-fLeEhqwymYat/MpTPUjSKHVYYl0ec2mOyALEMLmzr5i1isuG+6jfI2j2d5oBO3VIzgUXgBVIcOT9uH1TFxBckw==",
      "deprecated": "CoffeeScript on NPM has moved to \"coffeescript\" (no hyphen)",
      "license": "MIT",
      "bin": {
        "cake": "bin/cake",
        "coffee": "bin/coffee"
      },
      "engines": {
        "node": ">=0.8.0"
      }
    },
    "node_modules/commander": {
      "version": "8.3.0",
      "resolved": "https://mirrors.cloud.tencent.com/npm/commander/-/commander-8.3.0.tgz",
      "integrity": "sha512-OkTL9umf+He2DZkUq8f8J9of7yL6RJKI24dVITBmNfZBmri9zYZQrKkuXiKhyfPSu8tUhnVBB1iKXevvnlR4Ww==",
      "license": "MIT",
      "engines": {
        "node": ">= 12"
      }
    },
    "node_modules/esprima": {
      "version": "4.0.1",
      "resolved": "https://registry.npmjs.org/esprima/-/esprima-4.0.1.tgz",
      "integrity": "sha512-eGuFFw7Upda+g4p+QHvnW0RyTX/SVeJBDM/gCtMARO0cLuT2HcEKnTPvhjV6aGeqrCB/sbNop0Kszm0jsaWU4A==",
      "bin": {
        "esparse": "bin/esparse.js",
        "esvalidate": "bin/esvalidate.js"
      },
      "engines": {
        "node": ">=4"
      }
    },
    "node_modules/extend-shallow": {
      "version": "2.0.1",
      "resolved": "https://registry.npmjs.org/extend-shallow/-/extend-shallow-2.0.1.tgz",
      "integrity": "sha512-zCnTtlxNoAiDc3gqY2aYAWFx7XWWiasuF2K8Me5WbN8otHKTUKBwjPtNpRs/rbUZm7KxWAaNj7P1a/p52GbVug==",
      "dependencies": {
        "is-extendable": "^0.1.0"
      },
      "engines": {
        "node": ">=0.10.0"
      }
    },
    "node_modules/gray-matter": {
      "version": "2.1.1",
      "resolved": "https://mirrors.cloud.tencent.com/npm/gray-matter/-/gray-matter-2.1.1.tgz",
      "integrity": "sha512-vbmvP1Fe/fxuT2QuLVcqb2BfK7upGhhbLIt9/owWEvPYrZZEkelLcq2HqzxosV+PQ67dUFLaAeNpH7C4hhICAA==",
      "license": "MIT",
      "dependencies": {
        "ansi-red": "^0.1.1",
        "coffee-script": "^1.12.4",
        "extend-shallow": "^2.0.1",
        "js-yaml": "^3.8.1",
        "toml": "^2.3.2"
      },
      "engines": {
        "node": ">=0.10.0"
      }
    },
    "node_modules/gray-matter/node_modules/argparse": {
      "version": "1.0.10",
      "resolved": "https://mirrors.cloud.tencent.com/npm/argparse/-/argparse-1.0.10.tgz",
      "integrity": "sha512-o5Roy6tNG4SL/FOkCAN6RzjiakZS25RLYFrcMttJqbdd8BWrnA+fGz57iN5Pb06pvBGvl5gQ0B48dJlslXvoTg==",
      "license": "MIT",
      "dependencies": {
        "sprintf-js": "~1.0.2"
      }
    },
    "node_modules/gray-matter/node_modules/js-yaml": {
      "version": "3.14.2",
      "resolved": "https://mirrors.cloud.tencent.com/npm/js-yaml/-/js-yaml-3.14.2.tgz",
      "integrity": "sha512-PMSmkqxr106Xa156c2M265Z+FTrPl+oxd/rgOQy2tijQeK5TxQ43psO1ZCwhVOSdnn+RzkzlRz/eY4BgJBYVpg==",
      "license": "MIT",
      "dependencies": {
        "argparse": "^1.0.7",
        "esprima": "^4.0.0"
      },
      "bin": {
        "js-yaml": "bin/js-yaml.js"
      }
    },
    "node_modules/gray-matter/node_modules/sprintf-js": {
      "version": "1.0.3",
      "resolved": "https://mirrors.cloud.tencent.com/npm/sprintf-js/-/sprintf-js-1.0.3.tgz",
      "integrity": "sha512-D9cPgkvLlV3t3IzL0D0YLvGA9Ahk4PcvVwUbN0dSGr1aP0Nrt4AEnTUbuGvquEC0mA64Gqt1fzirlRs5ibXx8g==",
      "license": "BSD-3-Clause"
    },
    "node_modules/is-extendable": {
      "version": "0.1.1",
      "resolved": "https://registry.npmjs.org/is-extendable/-/is-extendable-0.1.1.tgz",
      "integrity": "sha512-5BMULNob1vgFX6EjQw5izWDxrecWK9AM72rugNr0TFldMOi0fj6Jk+zeKIt0xGj4cEfQIJth4w3OKWOJ4f+AFw==",
      "engines": {
        "node": ">=0.10.0"
      }
    },
    "node_modules/katex": {
      "version": "0.16.46",
      "resolved": "https://mirrors.cloud.tencent.com/npm/katex/-/katex-0.16.46.tgz",
      "integrity": "sha512-WHy4Coo+bGZyH7NwJKHkS04YFsFcarWbAEOAC3EMndzdN6VSZqklLLIgfxzyaW9jDoeGYJX9SWbJPKpecox0Uw==",
      "funding": [
        "https://opencollective.com/katex",
        "https://github.com/sponsors/katex"
      ],
      "dependencies": {
        "commander": "^8.3.0"
      },
      "bin": {
        "katex": "cli.js"
      }
    },
    "node_modules/marked": {
      "version": "4.3.0",
      "resolved": "https://registry.npmjs.org/marked/-/marked-4.3.0.tgz",
      "integrity": "sha512-PRsaiG84bK+AMvxziE/lCFss8juXjNaWzVbN5tXAm4XjeaS9NAHhop+PjQxz2A9h8Q4M/xGmzP8vqNwy6JeK0A==",
      "bin": {
        "marked": "bin/marked.js"
      },
      "engines": {
        "node": ">= 12"
      }
    },
    "node_modules/prismjs": {
      "version": "1.30.0",
      "resolved": "https://mirrors.cloud.tencent.com/npm/prismjs/-/prismjs-1.30.0.tgz",
      "integrity": "sha512-DEvV2ZF2r2/63V+tK8hQvrR2ZGn10srHbXviTlcv7Kpzw8jWiNTqbVgjO3IY8RxrrOUF8VPMQQFysYYYv0YZxw==",
      "license": "MIT",
      "engines": {
        "node": ">=6"
      }
    },
    "node_modules/toml": {
      "version": "2.3.6",
      "resolved": "https://mirrors.cloud.tencent.com/npm/toml/-/toml-2.3.6.tgz",
      "integrity": "sha512-gVweAectJU3ebq//Ferr2JUY4WKSDe5N+z0FvjDncLGyHmIDoxgY/2Ie4qfEIDm4IS7OA6Rmdm7pdEEdMcV/xQ==",
      "license": "MIT"
    }
  }
}
